
Microsoft Visual Studio Solution File, Format Version 12.00
# Visual Studio Version 17
VisualStudioVersion = 17.0.32112.339
MinimumVisualStudioVersion = 10.0.40219.1
Project("{9A19103F-16F7-4668-BE54-9A1E7A4F7556}") = "Manager", "Training\Manager.csproj", "{8D6D6766-3B3C-4B8D-884B-B2AECDA1234F}"
EndProject
Project("{FAE04EC0-301F-11D3-BF4B-00C04F79EFBC}") = "Client", "Client\Client.csproj", "{E1F57A40-88DC-4A97-85BC-3A91DD99EF57}"
EndProject
Global
	GlobalSection(SolutionConfigurationPlatforms) = preSolution
		Debug|Any CPU = Debug|Any CPU
		Release|Any CPU = Release|Any CPU
	EndGlobalSection
	GlobalSection(ProjectConfigurationPlatforms) = postSolution
		{8D6D6766-3B3C-4B8D-884B-B2AECDA1234F}.Debug|Any CPU.ActiveCfg = Debug|Any CPU
		{8D6D6766-3B3C-4B8D-884B-B2AECDA1234F}.Debug|Any CPU.Build.0 = Debug|Any CPU
		{8D6D6766-3B3C-4B8D-884B-B2AECDA1234F}.Release|Any CPU.ActiveCfg = Release|Any CPU
		{8D6D6766-3B3C-4B8D-884B-B2AECDA1234F}.Release|Any CPU.Build.0 = Release|Any CPU
		{E1F57A40-88DC-4A97-85BC-3A91DD99EF57}.Debug|Any CPU.ActiveCfg = Debug|Any CPU
		{E1F57A40-88DC-4A97-85BC-3A91DD99EF57}.Debug|Any CPU.Build.0 = Debug|Any CPU
		{E1F57A40-88DC-4A97-85BC-3A91DD99EF57}.Release|Any CPU.ActiveCfg = Release|Any CPU
		{E1F57A40-88DC-4A97-85BC-3A91DD99EF57}.Release|Any CPU.Build.0 = Release|Any CPU
	EndGlobalSection
	GlobalSection(SolutionProperties) = preSolution
		HideSolutionNode = FALSE
	EndGlobalSection
	GlobalSection(ExtensibilityGlobals) = postSolution
		SolutionGuid = {B7B15505-9E4C-41F9-96E9-A38B12E75799}
	EndGlobalSection
EndGlobal
